
Microsoft Visual Studio Solution File, Format Version 12.00
# Visual Studio Version 16
VisualStudioVersion = 16.0.33214.272
MinimumVisualStudioVersion = 10.0.40219.1
Project("{FAE04EC0-301F-11D3-BF4B-00C04F79EFBC}") = "BluetoothLE", "BluetoothLE.csproj", "{3F548834-9A38-4D27-B220-A0E110780E56}"
EndProject
Global
	GlobalSection(SolutionConfigurationPlatforms) = preSolution
		Debug|Any CPU = Debug|Any CPU
		Release|Any CPU = Release|Any CPU
	EndGlobalSection
	GlobalSection(ProjectConfigurationPlatforms) = postSolution
		{3F548834-9A38-4D27-B220-A0E110780E56}.Debug|Any CPU.ActiveCfg = Debug|Any CPU
		{3F548834-9A38-4D27-B220-A0E110780E56}.Debug|Any CPU.Build.0 = Debug|Any CPU
		{3F548834-9A38-4D27-B220-A0E110780E56}.Release|Any CPU.ActiveCfg = Release|Any CPU
		{3F548834-9A38-4D27-B220-A0E110780E56}.Release|Any CPU.Build.0 = Release|Any CPU
	EndGlobalSection
	GlobalSection(SolutionProperties) = preSolution
		HideSolutionNode = FALSE
	EndGlobalSection
	GlobalSection(ExtensibilityGlobals) = postSolution
		SolutionGuid = {1169124B-8506-41FA-A923-4D813A4DFBF9}
	EndGlobalSection
EndGlobal
